
Microsoft Visual Studio Solution File, Format Version 12.00
# Visual Studio Version 17
VisualStudioVersion = 17.4.33213.308
MinimumVisualStudioVersion = 10.0.40219.1
Project("{9A19103F-16F7-4668-BE54-9A1E7A4F7556}") = "AbstractF", "Simple\AbstractF.csproj", "{F19ADFBA-25E2-4CEF-94E9-89F1D29A8B44}"
EndProject
Project("{9A19103F-16F7-4668-BE54-9A1E7A4F7556}") = "TestProject1", "TestProject1\TestProject1.csproj", "{6DBBB277-9907-4309-BC85-183EBA4294CC}"
EndProject
Global
	GlobalSection(SolutionConfigurationPlatforms) = preSolution
		Debug|Any CPU = Debug|Any CPU
		Release|Any CPU = Release|Any CPU
	EndGlobalSection
	GlobalSection(ProjectConfigurationPlatforms) = postSolution
		{F19ADFBA-25E2-4CEF-94E9-89F1D29A8B44}.Debug|Any CPU.ActiveCfg = Debug|Any CPU
		{F19ADFBA-25E2-4CEF-94E9-89F1D29A8B44}.Debug|Any CPU.Build.0 = Debug|Any CPU
		{F19ADFBA-25E2-4CEF-94E9-89F1D29A8B44}.Release|Any CPU.ActiveCfg = Release|Any CPU
		{F19ADFBA-25E2-4CEF-94E9-89F1D29A8B44}.Release|Any CPU.Build.0 = Release|Any CPU
		{6DBBB277-9907-4309-BC85-183EBA4294CC}.Debug|Any CPU.ActiveCfg = Debug|Any CPU
		{6DBBB277-9907-4309-BC85-183EBA4294CC}.Debug|Any CPU.Build.0 = Debug|Any CPU
		{6DBBB277-9907-4309-BC85-183EBA4294CC}.Release|Any CPU.ActiveCfg = Release|Any CPU
		{6DBBB277-9907-4309-BC85-183EBA4294CC}.Release|Any CPU.Build.0 = Release|Any CPU
	EndGlobalSection
	GlobalSection(SolutionProperties) = preSolution
		HideSolutionNode = FALSE
	EndGlobalSection
	GlobalSection(ExtensibilityGlobals) = postSolution
		SolutionGuid = {C502A792-3FD0-4F12-BC84-07356E44A49A}
	EndGlobalSection
EndGlobal
