
Microsoft Visual Studio Solution File, Format Version 12.00
# Visual Studio Version 17
VisualStudioVersion = 17.7.34302.85
MinimumVisualStudioVersion = 10.0.40219.1
Project("{FAE04EC0-301F-11D3-BF4B-00C04F79EFBC}") = "Rei02", "Rei02\Rei02.csproj", "{B098D778-6959-4E28-B9D7-FF80BFD2EDF0}"
EndProject
Global
	GlobalSection(SolutionConfigurationPlatforms) = preSolution
		Debug|Any CPU = Debug|Any CPU
		Release|Any CPU = Release|Any CPU
	EndGlobalSection
	GlobalSection(ProjectConfigurationPlatforms) = postSolution
		{B098D778-6959-4E28-B9D7-FF80BFD2EDF0}.Debug|Any CPU.ActiveCfg = Debug|Any CPU
		{B098D778-6959-4E28-B9D7-FF80BFD2EDF0}.Debug|Any CPU.Build.0 = Debug|Any CPU
		{B098D778-6959-4E28-B9D7-FF80BFD2EDF0}.Release|Any CPU.ActiveCfg = Release|Any CPU
		{B098D778-6959-4E28-B9D7-FF80BFD2EDF0}.Release|Any CPU.Build.0 = Release|Any CPU
	EndGlobalSection
	GlobalSection(SolutionProperties) = preSolution
		HideSolutionNode = FALSE
	EndGlobalSection
	GlobalSection(ExtensibilityGlobals) = postSolution
		SolutionGuid = {6D458297-118F-45E5-ABF3-2BEEEDCFE7BC}
	EndGlobalSection
EndGlobal
